
Microsoft Visual Studio Solution File, Format Version 12.00
# Visual Studio Version 17
VisualStudioVersion = 17.13.35828.75 d17.13
MinimumVisualStudioVersion = 10.0.40219.1
Project("{FAE04EC0-301F-11D3-BF4B-00C04F79EFBC}") = "API", "API\API.csproj", "{ED714522-74D8-49EA-8E85-DB2F84D0123C}"
EndProject
Project("{FAE04EC0-301F-11D3-BF4B-00C04F79EFBC}") = "Application", "Application\Application.csproj", "{531CD8A1-54EB-4226-AD5D-BD0F422B14DA}"
EndProject
Project("{FAE04EC0-301F-11D3-BF4B-00C04F79EFBC}") = "Domain", "Domain\Domain.csproj", "{6354FAC4-03CB-4B16-BE61-B0CBE70F34EC}"
EndProject
Project("{FAE04EC0-301F-11D3-BF4B-00C04F79EFBC}") = "Infrastructure", "Infrastructure\Infrastructure.csproj", "{2935C7A4-0F6E-4291-A169-876C3A87B1E9}"
EndProject
Global
	GlobalSection(SolutionConfigurationPlatforms) = preSolution
		Debug|Any CPU = Debug|Any CPU
		Release|Any CPU = Release|Any CPU
	EndGlobalSection
	GlobalSection(ProjectConfigurationPlatforms) = postSolution
		{ED714522-74D8-49EA-8E85-DB2F84D0123C}.Debug|Any CPU.ActiveCfg = Debug|Any CPU
		{ED714522-74D8-49EA-8E85-DB2F84D0123C}.Debug|Any CPU.Build.0 = Debug|Any CPU
		{ED714522-74D8-49EA-8E85-DB2F84D0123C}.Release|Any CPU.ActiveCfg = Release|Any CPU
		{ED714522-74D8-49EA-8E85-DB2F84D0123C}.Release|Any CPU.Build.0 = Release|Any CPU
		{531CD8A1-54EB-4226-AD5D-BD0F422B14DA}.Debug|Any CPU.ActiveCfg = Debug|Any CPU
		{531CD8A1-54EB-4226-AD5D-BD0F422B14DA}.Debug|Any CPU.Build.0 = Debug|Any CPU
		{531CD8A1-54EB-4226-AD5D-BD0F422B14DA}.Release|Any CPU.ActiveCfg = Release|Any CPU
		{531CD8A1-54EB-4226-AD5D-BD0F422B14DA}.Release|Any CPU.Build.0 = Release|Any CPU
		{6354FAC4-03CB-4B16-BE61-B0CBE70F34EC}.Debug|Any CPU.ActiveCfg = Debug|Any CPU
		{6354FAC4-03CB-4B16-BE61-B0CBE70F34EC}.Debug|Any CPU.Build.0 = Debug|Any CPU
		{6354FAC4-03CB-4B16-BE61-B0CBE70F34EC}.Release|Any CPU.ActiveCfg = Release|Any CPU
		{6354FAC4-03CB-4B16-BE61-B0CBE70F34EC}.Release|Any CPU.Build.0 = Release|Any CPU
		{2935C7A4-0F6E-4291-A169-876C3A87B1E9}.Debug|Any CPU.ActiveCfg = Debug|Any CPU
		{2935C7A4-0F6E-4291-A169-876C3A87B1E9}.Debug|Any CPU.Build.0 = Debug|Any CPU
		{2935C7A4-0F6E-4291-A169-876C3A87B1E9}.Release|Any CPU.ActiveCfg = Release|Any CPU
		{2935C7A4-0F6E-4291-A169-876C3A87B1E9}.Release|Any CPU.Build.0 = Release|Any CPU
	EndGlobalSection
	GlobalSection(SolutionProperties) = preSolution
		HideSolutionNode = FALSE
	EndGlobalSection
	GlobalSection(ExtensibilityGlobals) = postSolution
		SolutionGuid = {22885151-5E04-435A-AB1C-DFC8FEF12D94}
	EndGlobalSection
EndGlobal
